
Microsoft Visual Studio Solution File, Format Version 12.00
# Visual Studio Version 17
VisualStudioVersion = 17.3.32929.385
MinimumVisualStudioVersion = 10.0.40219.1
Project("{FAE04EC0-301F-11D3-BF4B-00C04F79EFBC}") = "prjCRUD", "prjCRUD\prjCRUD.csproj", "{D949DAD6-D842-4DBF-B7AE-7B2B85588391}"
EndProject
Global
	GlobalSection(SolutionConfigurationPlatforms) = preSolution
		Debug|Any CPU = Debug|Any CPU
		Release|Any CPU = Release|Any CPU
	EndGlobalSection
	GlobalSection(ProjectConfigurationPlatforms) = postSolution
		{D949DAD6-D842-4DBF-B7AE-7B2B85588391}.Debug|Any CPU.ActiveCfg = Debug|Any CPU
		{D949DAD6-D842-4DBF-B7AE-7B2B85588391}.Debug|Any CPU.Build.0 = Debug|Any CPU
		{D949DAD6-D842-4DBF-B7AE-7B2B85588391}.Release|Any CPU.ActiveCfg = Release|Any CPU
		{D949DAD6-D842-4DBF-B7AE-7B2B85588391}.Release|Any CPU.Build.0 = Release|Any CPU
	EndGlobalSection
	GlobalSection(SolutionProperties) = preSolution
		HideSolutionNode = FALSE
	EndGlobalSection
	GlobalSection(ExtensibilityGlobals) = postSolution
		SolutionGuid = {CABF901E-F81A-4CED-AF47-968C63E1EA85}
	EndGlobalSection
EndGlobal
